
Microsoft Visual Studio Solution File, Format Version 12.00
# Visual Studio Version 17
VisualStudioVersion = 17.7.34003.232
MinimumVisualStudioVersion = 10.0.40219.1
Project("{FAE04EC0-301F-11D3-BF4B-00C04F79EFBC}") = "ClinicSystem", "ClinicSystem\ClinicSystem.csproj", "{D4A6DAEA-D688-4958-A0E6-53E83CD0B24F}"
EndProject
Global
	GlobalSection(SolutionConfigurationPlatforms) = preSolution
		Debug|Any CPU = Debug|Any CPU
		Release|Any CPU = Release|Any CPU
	EndGlobalSection
	GlobalSection(ProjectConfigurationPlatforms) = postSolution
		{D4A6DAEA-D688-4958-A0E6-53E83CD0B24F}.Debug|Any CPU.ActiveCfg = Debug|Any CPU
		{D4A6DAEA-D688-4958-A0E6-53E83CD0B24F}.Debug|Any CPU.Build.0 = Debug|Any CPU
		{D4A6DAEA-D688-4958-A0E6-53E83CD0B24F}.Release|Any CPU.ActiveCfg = Release|Any CPU
		{D4A6DAEA-D688-4958-A0E6-53E83CD0B24F}.Release|Any CPU.Build.0 = Release|Any CPU
	EndGlobalSection
	GlobalSection(SolutionProperties) = preSolution
		HideSolutionNode = FALSE
	EndGlobalSection
	GlobalSection(ExtensibilityGlobals) = postSolution
		SolutionGuid = {B922D8FD-3048-498A-9EBE-5B9094467F97}
	EndGlobalSection
EndGlobal
